
Microsoft Visual Studio Solution File, Format Version 12.00
# Visual Studio Version 16
VisualStudioVersion = 16.0.30114.105
MinimumVisualStudioVersion = 10.0.40219.1
Project("{9A19103F-16F7-4668-BE54-9A1E7A4F7556}") = "ProjectClasses", "ProjectClasses\ProjectClasses.csproj", "{ACC314D9-83FB-44F9-9295-FCFFBD7F1BCC}"
EndProject
Project("{9A19103F-16F7-4668-BE54-9A1E7A4F7556}") = "GetSamples", "GetSamples\GetSamples.csproj", "{B21263B4-32CB-48A0-BA18-26A23F5ACF13}"
EndProject
Project("{9A19103F-16F7-4668-BE54-9A1E7A4F7556}") = "TestGetProjects", "TestGetProjects\TestGetProjects.csproj", "{8F48FA22-C461-482B-B2C8-53E9E51CD032}"
EndProject
Project("{9A19103F-16F7-4668-BE54-9A1E7A4F7556}") = "GetSampleApps.Client", "GetSampleAppsBlazor\Client\GetSampleApps.Client.csproj", "{0BF9D691-54DB-4323-9789-B92ACA255C0D}"
EndProject
Project("{9A19103F-16F7-4668-BE54-9A1E7A4F7556}") = "GetSampleApps.Shared", "GetSampleAppsBlazor\Shared\GetSampleApps.Shared.csproj", "{4E13C956-506F-4543-88C4-B67366F1D0C2}"
EndProject
Project("{9A19103F-16F7-4668-BE54-9A1E7A4F7556}") = "GetSampleApps.Server", "GetSampleAppsBlazor\Server\GetSampleApps.Server.csproj", "{3B252E57-40D3-45A7-B12C-940634FD3B33}"
EndProject
Global
	GlobalSection(SolutionConfigurationPlatforms) = preSolution
		Debug|Any CPU = Debug|Any CPU
		Release|Any CPU = Release|Any CPU
	EndGlobalSection
	GlobalSection(ProjectConfigurationPlatforms) = postSolution
		{ACC314D9-83FB-44F9-9295-FCFFBD7F1BCC}.Debug|Any CPU.ActiveCfg = Debug|Any CPU
		{ACC314D9-83FB-44F9-9295-FCFFBD7F1BCC}.Debug|Any CPU.Build.0 = Debug|Any CPU
		{ACC314D9-83FB-44F9-9295-FCFFBD7F1BCC}.Release|Any CPU.ActiveCfg = Release|Any CPU
		{ACC314D9-83FB-44F9-9295-FCFFBD7F1BCC}.Release|Any CPU.Build.0 = Release|Any CPU
		{B21263B4-32CB-48A0-BA18-26A23F5ACF13}.Debug|Any CPU.ActiveCfg = Debug|Any CPU
		{B21263B4-32CB-48A0-BA18-26A23F5ACF13}.Debug|Any CPU.Build.0 = Debug|Any CPU
		{B21263B4-32CB-48A0-BA18-26A23F5ACF13}.Release|Any CPU.ActiveCfg = Release|Any CPU
		{B21263B4-32CB-48A0-BA18-26A23F5ACF13}.Release|Any CPU.Build.0 = Release|Any CPU
		{8F48FA22-C461-482B-B2C8-53E9E51CD032}.Debug|Any CPU.ActiveCfg = Debug|Any CPU
		{8F48FA22-C461-482B-B2C8-53E9E51CD032}.Debug|Any CPU.Build.0 = Debug|Any CPU
		{8F48FA22-C461-482B-B2C8-53E9E51CD032}.Release|Any CPU.ActiveCfg = Release|Any CPU
		{8F48FA22-C461-482B-B2C8-53E9E51CD032}.Release|Any CPU.Build.0 = Release|Any CPU
		{0BF9D691-54DB-4323-9789-B92ACA255C0D}.Debug|Any CPU.ActiveCfg = Debug|Any CPU
		{0BF9D691-54DB-4323-9789-B92ACA255C0D}.Debug|Any CPU.Build.0 = Debug|Any CPU
		{0BF9D691-54DB-4323-9789-B92ACA255C0D}.Release|Any CPU.ActiveCfg = Release|Any CPU
		{0BF9D691-54DB-4323-9789-B92ACA255C0D}.Release|Any CPU.Build.0 = Release|Any CPU
		{4E13C956-506F-4543-88C4-B67366F1D0C2}.Debug|Any CPU.ActiveCfg = Debug|Any CPU
		{4E13C956-506F-4543-88C4-B67366F1D0C2}.Debug|Any CPU.Build.0 = Debug|Any CPU
		{4E13C956-506F-4543-88C4-B67366F1D0C2}.Release|Any CPU.ActiveCfg = Release|Any CPU
		{4E13C956-506F-4543-88C4-B67366F1D0C2}.Release|Any CPU.Build.0 = Release|Any CPU
		{3B252E57-40D3-45A7-B12C-940634FD3B33}.Debug|Any CPU.ActiveCfg = Debug|Any CPU
		{3B252E57-40D3-45A7-B12C-940634FD3B33}.Debug|Any CPU.Build.0 = Debug|Any CPU
		{3B252E57-40D3-45A7-B12C-940634FD3B33}.Release|Any CPU.ActiveCfg = Release|Any CPU
		{3B252E57-40D3-45A7-B12C-940634FD3B33}.Release|Any CPU.Build.0 = Release|Any CPU
	EndGlobalSection
	GlobalSection(SolutionProperties) = preSolution
		HideSolutionNode = FALSE
	EndGlobalSection
	GlobalSection(ExtensibilityGlobals) = postSolution
		SolutionGuid = {49F8E8D6-8914-4BF1-A2AA-E029EB9B369B}
	EndGlobalSection
EndGlobal
